// !$*UTF8*$!
{
	archiveVersion = 1;
	classes = {
	};
	objectVersion = 50;
	objects = {

/* Begin PBXBuildFile section */
		152A930820C87C3000A9D6AF /* TabBar.swift in Sources */ = {isa = PBXBuildFile; fileRef = 152A930720C87C3000A9D6AF /* TabBar.swift */; };
		152A930A20C9D24F00A9D6AF /* IQKeyboardManagerSwift.framework in Frameworks */ = {isa = PBXBuildFile; fileRef = 152A930920C9D24F00A9D6AF /* IQKeyboardManagerSwift.framework */; };
		156CB6AA20BDCEEA001DB3C7 /* AppDelegate.swift in Sources */ = {isa = PBXBuildFile; fileRef = 156CB6A920BDCEEA001DB3C7 /* AppDelegate.swift */; };
		156CB6AF20BDCEEA001DB3C7 /* Main.storyboard in Resources */ = {isa = PBXBuildFile; fileRef = 156CB6AD20BDCEEA001DB3C7 /* Main.storyboard */; };
		156CB6B120BDCEEB001DB3C7 /* Assets.xcassets in Resources */ = {isa = PBXBuildFile; fileRef = 156CB6B020BDCEEB001DB3C7 /* Assets.xcassets */; };
		156CB6B420BDCEEB001DB3C7 /* LaunchScreen.storyboard in Resources */ = {isa = PBXBuildFile; fileRef = 156CB6B220BDCEEB001DB3C7 /* LaunchScreen.storyboard */; };
		156CB6BF20BDCEEB001DB3C7 /* SantanderInvestTests.swift in Sources */ = {isa = PBXBuildFile; fileRef = 156CB6BE20BDCEEB001DB3C7 /* SantanderInvestTests.swift */; };
		156CB6CA20BDCEEB001DB3C7 /* SantanderInvestUITests.swift in Sources */ = {isa = PBXBuildFile; fileRef = 156CB6C920BDCEEB001DB3C7 /* SantanderInvestUITests.swift */; };
		156CB70020BE31B1001DB3C7 /* ContactFormPresenter.swift in Sources */ = {isa = PBXBuildFile; fileRef = 156CB6FA20BE31B1001DB3C7 /* ContactFormPresenter.swift */; };
		156CB70120BE31B1001DB3C7 /* ContactFormWorker.swift in Sources */ = {isa = PBXBuildFile; fileRef = 156CB6FB20BE31B1001DB3C7 /* ContactFormWorker.swift */; };
		156CB70220BE31B1001DB3C7 /* ContactFormRouter.swift in Sources */ = {isa = PBXBuildFile; fileRef = 156CB6FC20BE31B1001DB3C7 /* ContactFormRouter.swift */; };
		156CB70320BE31B1001DB3C7 /* ContactFormModels.swift in Sources */ = {isa = PBXBuildFile; fileRef = 156CB6FD20BE31B1001DB3C7 /* ContactFormModels.swift */; };
		156CB70420BE31B1001DB3C7 /* ContactFormViewController.swift in Sources */ = {isa = PBXBuildFile; fileRef = 156CB6FE20BE31B1001DB3C7 /* ContactFormViewController.swift */; };
		156CB70520BE31B1001DB3C7 /* ContactFormInteractor.swift in Sources */ = {isa = PBXBuildFile; fileRef = 156CB6FF20BE31B1001DB3C7 /* ContactFormInteractor.swift */; };
		156CB70920BE4A2B001DB3C7 /* DINPro-Regular.otf in Resources */ = {isa = PBXBuildFile; fileRef = 156CB70720BE4A2B001DB3C7 /* DINPro-Regular.otf */; };
		156CB70A20BE4A2B001DB3C7 /* DINPro-Medium.otf in Resources */ = {isa = PBXBuildFile; fileRef = 156CB70820BE4A2B001DB3C7 /* DINPro-Medium.otf */; };
		156CB70D20BE4DC2001DB3C7 /* CustomNavigationController.swift in Sources */ = {isa = PBXBuildFile; fileRef = 156CB70C20BE4DC2001DB3C7 /* CustomNavigationController.swift */; };
		158C0F0C20C77CFE0017C71A /* Constants.swift in Sources */ = {isa = PBXBuildFile; fileRef = 158C0F0B20C77CFE0017C71A /* Constants.swift */; };
		158C0F0F20C790F70017C71A /* CheckBox.swift in Sources */ = {isa = PBXBuildFile; fileRef = 158C0F0E20C790F70017C71A /* CheckBox.swift */; };
		158C0F1320C7A41C0017C71A /* Button.swift in Sources */ = {isa = PBXBuildFile; fileRef = 158C0F1220C7A41C0017C71A /* Button.swift */; };
		158C0F1720C7A6050017C71A /* DINPro-Light.otf in Resources */ = {isa = PBXBuildFile; fileRef = 158C0F1620C7A6040017C71A /* DINPro-Light.otf */; };
		158C0F1A20C7A62C0017C71A /* Extensions.swift in Sources */ = {isa = PBXBuildFile; fileRef = 158C0F1920C7A62C0017C71A /* Extensions.swift */; };
		15D431BB20C4C74200ECC7FC /* FormTableViewCell.swift in Sources */ = {isa = PBXBuildFile; fileRef = 15D431BA20C4C74200ECC7FC /* FormTableViewCell.swift */; };
		15D431C420C4D1A200ECC7FC /* FormCell.swift in Sources */ = {isa = PBXBuildFile; fileRef = 15D431C320C4D1A200ECC7FC /* FormCell.swift */; };
		15D431CC20C5131500ECC7FC /* Alamofire.framework in Frameworks */ = {isa = PBXBuildFile; fileRef = 15D431CB20C5131500ECC7FC /* Alamofire.framework */; };
		15D431CE20C5AE7E00ECC7FC /* AlamofireObjectMapper.framework in Frameworks */ = {isa = PBXBuildFile; fileRef = 15D431CD20C5AE7E00ECC7FC /* AlamofireObjectMapper.framework */; };
		15D431D020C5AEE600ECC7FC /* ObjectMapper.framework in Frameworks */ = {isa = PBXBuildFile; fileRef = 15D431CF20C5AEE600ECC7FC /* ObjectMapper.framework */; };
		15D431D620C628EA00ECC7FC /* SnapKit.framework in Frameworks */ = {isa = PBXBuildFile; fileRef = 15D431D420C628EA00ECC7FC /* SnapKit.framework */; };
		433763E4A9BDE8B528B1D6D2 /* Pods_SantanderInvestUITests.framework in Frameworks */ = {isa = PBXBuildFile; fileRef = 2B6CA1479D0139C1B45D13DF /* Pods_SantanderInvestUITests.framework */; };
		5A92C3CF4BA4ABDD9F851904 /* Pods_SantanderInvestTests.framework in Frameworks */ = {isa = PBXBuildFile; fileRef = 67035F3FD2F8A06BF604BBB6 /* Pods_SantanderInvestTests.framework */; };
		E651EBB7553D996E13AE7839 /* Pods_SantanderInvest.framework in Frameworks */ = {isa = PBXBuildFile; fileRef = D01DCA6585BBF4800CABDFCC /* Pods_SantanderInvest.framework */; };
/* End PBXBuildFile section */

/* Begin PBXContainerItemProxy section */
		156CB6BB20BDCEEB001DB3C7 /* PBXContainerItemProxy */ = {
			isa = PBXContainerItemProxy;
			containerPortal = 156CB69E20BDCEEA001DB3C7 /* Project object */;
			proxyType = 1;
			remoteGlobalIDString = 156CB6A520BDCEEA001DB3C7;
			remoteInfo = SantanderInvest;
		};
		156CB6C620BDCEEB001DB3C7 /* PBXContainerItemProxy */ = {
			isa = PBXContainerItemProxy;
			containerPortal = 156CB69E20BDCEEA001DB3C7 /* Project object */;
			proxyType = 1;
			remoteGlobalIDString = 156CB6A520BDCEEA001DB3C7;
			remoteInfo = SantanderInvest;
		};
/* End PBXContainerItemProxy section */

/* Begin PBXFileReference section */
		152A930720C87C3000A9D6AF /* TabBar.swift */ = {isa = PBXFileReference; lastKnownFileType = sourcecode.swift; path = TabBar.swift; sourceTree = "<group>"; };
		152A930920C9D24F00A9D6AF /* IQKeyboardManagerSwift.framework */ = {isa = PBXFileReference; lastKnownFileType = wrapper.framework; name = IQKeyboardManagerSwift.framework; path = Carthage/Build/iOS/IQKeyboardManagerSwift.framework; sourceTree = "<group>"; };
		156CB6A620BDCEEA001DB3C7 /* SantanderInvest.app */ = {isa = PBXFileReference; explicitFileType = wrapper.application; includeInIndex = 0; path = SantanderInvest.app; sourceTree = BUILT_PRODUCTS_DIR; };
		156CB6A920BDCEEA001DB3C7 /* AppDelegate.swift */ = {isa = PBXFileReference; lastKnownFileType = sourcecode.swift; path = AppDelegate.swift; sourceTree = "<group>"; };
		156CB6AE20BDCEEA001DB3C7 /* Base */ = {isa = PBXFileReference; lastKnownFileType = file.storyboard; name = Base; path = Base.lproj/Main.storyboard; sourceTree = "<group>"; };
		156CB6B020BDCEEB001DB3C7 /* Assets.xcassets */ = {isa = PBXFileReference; lastKnownFileType = folder.assetcatalog; path = Assets.xcassets; sourceTree = "<group>"; };
		156CB6B320BDCEEB001DB3C7 /* Base */ = {isa = PBXFileReference; lastKnownFileType = file.storyboard; name = Base; path = Base.lproj/LaunchScreen.storyboard; sourceTree = "<group>"; };
		156CB6B520BDCEEB001DB3C7 /* Info.plist */ = {isa = PBXFileReference; lastKnownFileType = text.plist.xml; path = Info.plist; sourceTree = "<group>"; };
		156CB6BA20BDCEEB001DB3C7 /* SantanderInvestTests.xctest */ = {isa = PBXFileReference; explicitFileType = wrapper.cfbundle; includeInIndex = 0; path = SantanderInvestTests.xctest; sourceTree = BUILT_PRODUCTS_DIR; };
		156CB6BE20BDCEEB001DB3C7 /* SantanderInvestTests.swift */ = {isa = PBXFileReference; lastKnownFileType = sourcecode.swift; path = SantanderInvestTests.swift; sourceTree = "<group>"; };
		156CB6C020BDCEEB001DB3C7 /* Info.plist */ = {isa = PBXFileReference; lastKnownFileType = text.plist.xml; path = Info.plist; sourceTree = "<group>"; };
		156CB6C520BDCEEB001DB3C7 /* SantanderInvestUITests.xctest */ = {isa = PBXFileReference; explicitFileType = wrapper.cfbundle; includeInIndex = 0; path = SantanderInvestUITests.xctest; sourceTree = BUILT_PRODUCTS_DIR; };
		156CB6C920BDCEEB001DB3C7 /* SantanderInvestUITests.swift */ = {isa = PBXFileReference; lastKnownFileType = sourcecode.swift; path = SantanderInvestUITests.swift; sourceTree = "<group>"; };
		156CB6CB20BDCEEB001DB3C7 /* Info.plist */ = {isa = PBXFileReference; lastKnownFileType = text.plist.xml; path = Info.plist; sourceTree = "<group>"; };
		156CB6FA20BE31B1001DB3C7 /* ContactFormPresenter.swift */ = {isa = PBXFileReference; lastKnownFileType = sourcecode.swift; path = ContactFormPresenter.swift; sourceTree = "<group>"; };
		156CB6FB20BE31B1001DB3C7 /* ContactFormWorker.swift */ = {isa = PBXFileReference; lastKnownFileType = sourcecode.swift; path = ContactFormWorker.swift; sourceTree = "<group>"; };
		156CB6FC20BE31B1001DB3C7 /* ContactFormRouter.swift */ = {isa = PBXFileReference; lastKnownFileType = sourcecode.swift; path = ContactFormRouter.swift; sourceTree = "<group>"; };
		156CB6FD20BE31B1001DB3C7 /* ContactFormModels.swift */ = {isa = PBXFileReference; lastKnownFileType = sourcecode.swift; path = ContactFormModels.swift; sourceTree = "<group>"; };
		156CB6FE20BE31B1001DB3C7 /* ContactFormViewController.swift */ = {isa = PBXFileReference; lastKnownFileType = sourcecode.swift; path = ContactFormViewController.swift; sourceTree = "<group>"; };
		156CB6FF20BE31B1001DB3C7 /* ContactFormInteractor.swift */ = {isa = PBXFileReference; lastKnownFileType = sourcecode.swift; path = ContactFormInteractor.swift; sourceTree = "<group>"; };
		156CB70720BE4A2B001DB3C7 /* DINPro-Regular.otf */ = {isa = PBXFileReference; lastKnownFileType = file; path = "DINPro-Regular.otf"; sourceTree = "<group>"; };
		156CB70820BE4A2B001DB3C7 /* DINPro-Medium.otf */ = {isa = PBXFileReference; lastKnownFileType = file; path = "DINPro-Medium.otf"; sourceTree = "<group>"; };
		156CB70C20BE4DC2001DB3C7 /* CustomNavigationController.swift */ = {isa = PBXFileReference; lastKnownFileType = sourcecode.swift; path = CustomNavigationController.swift; sourceTree = "<group>"; };
		158C0F0B20C77CFE0017C71A /* Constants.swift */ = {isa = PBXFileReference; lastKnownFileType = sourcecode.swift; path = Constants.swift; sourceTree = "<group>"; };
		158C0F0E20C790F70017C71A /* CheckBox.swift */ = {isa = PBXFileReference; lastKnownFileType = sourcecode.swift; path = CheckBox.swift; sourceTree = "<group>"; };
		158C0F1220C7A41C0017C71A /* Button.swift */ = {isa = PBXFileReference; lastKnownFileType = sourcecode.swift; path = Button.swift; sourceTree = "<group>"; };
		158C0F1620C7A6040017C71A /* DINPro-Light.otf */ = {isa = PBXFileReference; lastKnownFileType = file; path = "DINPro-Light.otf"; sourceTree = "<group>"; };
		158C0F1920C7A62C0017C71A /* Extensions.swift */ = {isa = PBXFileReference; fileEncoding = 4; lastKnownFileType = sourcecode.swift; path = Extensions.swift; sourceTree = "<group>"; };
		15D431BA20C4C74200ECC7FC /* FormTableViewCell.swift */ = {isa = PBXFileReference; lastKnownFileType = sourcecode.swift; path = FormTableViewCell.swift; sourceTree = "<group>"; };
		15D431C320C4D1A200ECC7FC /* FormCell.swift */ = {isa = PBXFileReference; lastKnownFileType = sourcecode.swift; path = FormCell.swift; sourceTree = "<group>"; };
		15D431CB20C5131500ECC7FC /* Alamofire.framework */ = {isa = PBXFileReference; lastKnownFileType = wrapper.framework; name = Alamofire.framework; path = Carthage/Build/iOS/Alamofire.framework; sourceTree = "<group>"; };
		15D431CD20C5AE7E00ECC7FC /* AlamofireObjectMapper.framework */ = {isa = PBXFileReference; lastKnownFileType = wrapper.framework; name = AlamofireObjectMapper.framework; path = Carthage/Build/iOS/AlamofireObjectMapper.framework; sourceTree = "<group>"; };
		15D431CF20C5AEE600ECC7FC /* ObjectMapper.framework */ = {isa = PBXFileReference; lastKnownFileType = wrapper.framework; name = ObjectMapper.framework; path = Carthage/Build/iOS/ObjectMapper.framework; sourceTree = "<group>"; };
		15D431D320C628EA00ECC7FC /* TweeTextField_iOS.framework */ = {isa = PBXFileReference; lastKnownFileType = wrapper.framework; name = TweeTextField_iOS.framework; path = Carthage/Build/iOS/TweeTextField_iOS.framework; sourceTree = "<group>"; };
		15D431D420C628EA00ECC7FC /* SnapKit.framework */ = {isa = PBXFileReference; lastKnownFileType = wrapper.framework; name = SnapKit.framework; path = Carthage/Build/iOS/SnapKit.framework; sourceTree = "<group>"; };
		2B6CA1479D0139C1B45D13DF /* Pods_SantanderInvestUITests.framework */ = {isa = PBXFileReference; explicitFileType = wrapper.framework; includeInIndex = 0; path = Pods_SantanderInvestUITests.framework; sourceTree = BUILT_PRODUCTS_DIR; };
		2F1C9AD20EB4228E54383AF2 /* Pods-SantanderInvestUITests.release.xcconfig */ = {isa = PBXFileReference; includeInIndex = 1; lastKnownFileType = text.xcconfig; name = "Pods-SantanderInvestUITests.release.xcconfig"; path = "Pods/Target Support Files/Pods-SantanderInvestUITests/Pods-SantanderInvestUITests.release.xcconfig"; sourceTree = "<group>"; };
		3032719F50FA6134AE04F57D /* Pods-SantanderInvestTests.release.xcconfig */ = {isa = PBXFileReference; includeInIndex = 1; lastKnownFileType = text.xcconfig; name = "Pods-SantanderInvestTests.release.xcconfig"; path = "Pods/Target Support Files/Pods-SantanderInvestTests/Pods-SantanderInvestTests.release.xcconfig"; sourceTree = "<group>"; };
		67035F3FD2F8A06BF604BBB6 /* Pods_SantanderInvestTests.framework */ = {isa = PBXFileReference; explicitFileType = wrapper.framework; includeInIndex = 0; path = Pods_SantanderInvestTests.framework; sourceTree = BUILT_PRODUCTS_DIR; };
		B0F40C7DE2857857C5672B4C /* Pods-SantanderInvestTests.debug.xcconfig */ = {isa = PBXFileReference; includeInIndex = 1; lastKnownFileType = text.xcconfig; name = "Pods-SantanderInvestTests.debug.xcconfig"; path = "Pods/Target Support Files/Pods-SantanderInvestTests/Pods-SantanderInvestTests.debug.xcconfig"; sourceTree = "<group>"; };
		B940A9047FE3CF72F3DAD9F8 /* Pods-SantanderInvest.debug.xcconfig */ = {isa = PBXFileReference; includeInIndex = 1; lastKnownFileType = text.xcconfig; name = "Pods-SantanderInvest.debug.xcconfig"; path = "Pods/Target Support Files/Pods-SantanderInvest/Pods-SantanderInvest.debug.xcconfig"; sourceTree = "<group>"; };
		D01DCA6585BBF4800CABDFCC /* Pods_SantanderInvest.framework */ = {isa = PBXFileReference; explicitFileType = wrapper.framework; includeInIndex = 0; path = Pods_SantanderInvest.framework; sourceTree = BUILT_PRODUCTS_DIR; };
		D713ADE8A7F4C5A33B2127BE /* Pods-SantanderInvestUITests.debug.xcconfig */ = {isa = PBXFileReference; includeInIndex = 1; lastKnownFileType = text.xcconfig; name = "Pods-SantanderInvestUITests.debug.xcconfig"; path = "Pods/Target Support Files/Pods-SantanderInvestUITests/Pods-SantanderInvestUITests.debug.xcconfig"; sourceTree = "<group>"; };
		F4E307B27A27DAB2AE23D20B /* Pods-SantanderInvest.release.xcconfig */ = {isa = PBXFileReference; includeInIndex = 1; lastKnownFileType = text.xcconfig; name = "Pods-SantanderInvest.release.xcconfig"; path = "Pods/Target Support Files/Pods-SantanderInvest/Pods-SantanderInvest.release.xcconfig"; sourceTree = "<group>"; };
/* End PBXFileReference section */

/* Begin PBXFrameworksBuildPhase section */
		156CB6A320BDCEEA001DB3C7 /* Frameworks */ = {
			isa = PBXFrameworksBuildPhase;
			buildActionMask = 2147483647;
			files = (
				15D431CC20C5131500ECC7FC /* Alamofire.framework in Frameworks */,
				15D431CE20C5AE7E00ECC7FC /* AlamofireObjectMapper.framework in Frameworks */,
				15D431D020C5AEE600ECC7FC /* ObjectMapper.framework in Frameworks */,
				15D431D620C628EA00ECC7FC /* SnapKit.framework in Frameworks */,
				152A930A20C9D24F00A9D6AF /* IQKeyboardManagerSwift.framework in Frameworks */,
				E651EBB7553D996E13AE7839 /* Pods_SantanderInvest.framework in Frameworks */,
			);
			runOnlyForDeploymentPostprocessing = 0;
		};
		156CB6B720BDCEEB001DB3C7 /* Frameworks */ = {
			isa = PBXFrameworksBuildPhase;
			buildActionMask = 2147483647;
			files = (
				5A92C3CF4BA4ABDD9F851904 /* Pods_SantanderInvestTests.framework in Frameworks */,
			);
			runOnlyForDeploymentPostprocessing = 0;
		};
		156CB6C220BDCEEB001DB3C7 /* Frameworks */ = {
			isa = PBXFrameworksBuildPhase;
			buildActionMask = 2147483647;
			files = (
				433763E4A9BDE8B528B1D6D2 /* Pods_SantanderInvestUITests.framework in Frameworks */,
			);
			runOnlyForDeploymentPostprocessing = 0;
		};
/* End PBXFrameworksBuildPhase section */

/* Begin PBXGroup section */
		156CB69D20BDCEEA001DB3C7 = {
			isa = PBXGroup;
			children = (
				156CB6A820BDCEEA001DB3C7 /* SantanderInvest */,
				156CB6BD20BDCEEB001DB3C7 /* SantanderInvestTests */,
				156CB6C820BDCEEB001DB3C7 /* SantanderInvestUITests */,
				156CB6A720BDCEEA001DB3C7 /* Products */,
				15D431CA20C5131500ECC7FC /* Frameworks */,
				4CCA39C09C71983B2D57B4DD /* Pods */,
			);
			sourceTree = "<group>";
		};
		156CB6A720BDCEEA001DB3C7 /* Products */ = {
			isa = PBXGroup;
			children = (
				156CB6A620BDCEEA001DB3C7 /* SantanderInvest.app */,
				156CB6BA20BDCEEB001DB3C7 /* SantanderInvestTests.xctest */,
				156CB6C520BDCEEB001DB3C7 /* SantanderInvestUITests.xctest */,
			);
			name = Products;
			sourceTree = "<group>";
		};
		156CB6A820BDCEEA001DB3C7 /* SantanderInvest */ = {
			isa = PBXGroup;
			children = (
				15D431B720C4C6EB00ECC7FC /* Controls */,
				156CB70B20BE4D23001DB3C7 /* Controllers */,
				156CB6F820BE21EB001DB3C7 /* Scenes */,
				15D431C220C4D19000ECC7FC /* Models */,
				158C0F1820C7A62C0017C71A /* Extentions */,
				156CB6F620BE2180001DB3C7 /* Resources */,
				156CB6A920BDCEEA001DB3C7 /* AppDelegate.swift */,
				158C0F0B20C77CFE0017C71A /* Constants.swift */,
				156CB6B520BDCEEB001DB3C7 /* Info.plist */,
			);
			path = SantanderInvest;
			sourceTree = "<group>";
		};
		156CB6BD20BDCEEB001DB3C7 /* SantanderInvestTests */ = {
			isa = PBXGroup;
			children = (
				156CB6BE20BDCEEB001DB3C7 /* SantanderInvestTests.swift */,
				156CB6C020BDCEEB001DB3C7 /* Info.plist */,
			);
			path = SantanderInvestTests;
			sourceTree = "<group>";
		};
		156CB6C820BDCEEB001DB3C7 /* SantanderInvestUITests */ = {
			isa = PBXGroup;
			children = (
				156CB6C920BDCEEB001DB3C7 /* SantanderInvestUITests.swift */,
				156CB6CB20BDCEEB001DB3C7 /* Info.plist */,
			);
			path = SantanderInvestUITests;
			sourceTree = "<group>";
		};
		156CB6F620BE2180001DB3C7 /* Resources */ = {
			isa = PBXGroup;
			children = (
				156CB6B020BDCEEB001DB3C7 /* Assets.xcassets */,
				156CB70620BE49E6001DB3C7 /* Fonts */,
				156CB6F720BE2186001DB3C7 /* Storyboards */,
			);
			path = Resources;
			sourceTree = "<group>";
		};
		156CB6F720BE2186001DB3C7 /* Storyboards */ = {
			isa = PBXGroup;
			children = (
				156CB6AD20BDCEEA001DB3C7 /* Main.storyboard */,
				156CB6B220BDCEEB001DB3C7 /* LaunchScreen.storyboard */,
			);
			path = Storyboards;
			sourceTree = "<group>";
		};
		156CB6F820BE21EB001DB3C7 /* Scenes */ = {
			isa = PBXGroup;
			children = (
				156CB6F920BE318A001DB3C7 /* Contact Form */,
			);
			path = Scenes;
			sourceTree = "<group>";
		};
		156CB6F920BE318A001DB3C7 /* Contact Form */ = {
			isa = PBXGroup;
			children = (
				156CB6FA20BE31B1001DB3C7 /* ContactFormPresenter.swift */,
				156CB6FB20BE31B1001DB3C7 /* ContactFormWorker.swift */,
				156CB6FC20BE31B1001DB3C7 /* ContactFormRouter.swift */,
				156CB6FD20BE31B1001DB3C7 /* ContactFormModels.swift */,
				156CB6FE20BE31B1001DB3C7 /* ContactFormViewController.swift */,
				156CB6FF20BE31B1001DB3C7 /* ContactFormInteractor.swift */,
			);
			path = "Contact Form";
			sourceTree = "<group>";
		};
		156CB70620BE49E6001DB3C7 /* Fonts */ = {
			isa = PBXGroup;
			children = (
				158C0F1620C7A6040017C71A /* DINPro-Light.otf */,
				156CB70820BE4A2B001DB3C7 /* DINPro-Medium.otf */,
				156CB70720BE4A2B001DB3C7 /* DINPro-Regular.otf */,
			);
			path = Fonts;
			sourceTree = "<group>";
		};
		156CB70B20BE4D23001DB3C7 /* Controllers */ = {
			isa = PBXGroup;
			children = (
				156CB70C20BE4DC2001DB3C7 /* CustomNavigationController.swift */,
			);
			path = Controllers;
			sourceTree = "<group>";
		};
		158C0F1820C7A62C0017C71A /* Extentions */ = {
			isa = PBXGroup;
			children = (
				158C0F1920C7A62C0017C71A /* Extensions.swift */,
			);
			path = Extentions;
			sourceTree = "<group>";
		};
		15D431B720C4C6EB00ECC7FC /* Controls */ = {
			isa = PBXGroup;
			children = (
				158C0F1220C7A41C0017C71A /* Button.swift */,
				158C0F0E20C790F70017C71A /* CheckBox.swift */,
				152A930720C87C3000A9D6AF /* TabBar.swift */,
				15D431BC20C4C76300ECC7FC /* Cells */,
			);
			path = Controls;
			sourceTree = "<group>";
		};
		15D431B920C4C71100ECC7FC /* FormTableViewCell */ = {
			isa = PBXGroup;
			children = (
				15D431BA20C4C74200ECC7FC /* FormTableViewCell.swift */,
			);
			path = FormTableViewCell;
			sourceTree = "<group>";
		};
		15D431BC20C4C76300ECC7FC /* Cells */ = {
			isa = PBXGroup;
			children = (
				15D431B920C4C71100ECC7FC /* FormTableViewCell */,
			);
			path = Cells;
			sourceTree = "<group>";
		};
		15D431C220C4D19000ECC7FC /* Models */ = {
			isa = PBXGroup;
			children = (
				15D431C320C4D1A200ECC7FC /* FormCell.swift */,
			);
			path = Models;
			sourceTree = "<group>";
		};
		15D431CA20C5131500ECC7FC /* Frameworks */ = {
			isa = PBXGroup;
			children = (
				152A930920C9D24F00A9D6AF /* IQKeyboardManagerSwift.framework */,
				15D431D420C628EA00ECC7FC /* SnapKit.framework */,
				15D431D320C628EA00ECC7FC /* TweeTextField_iOS.framework */,
				15D431CF20C5AEE600ECC7FC /* ObjectMapper.framework */,
				15D431CD20C5AE7E00ECC7FC /* AlamofireObjectMapper.framework */,
				15D431CB20C5131500ECC7FC /* Alamofire.framework */,
				D01DCA6585BBF4800CABDFCC /* Pods_SantanderInvest.framework */,
				67035F3FD2F8A06BF604BBB6 /* Pods_SantanderInvestTests.framework */,
				2B6CA1479D0139C1B45D13DF /* Pods_SantanderInvestUITests.framework */,
			);
			name = Frameworks;
			sourceTree = "<group>";
		};
		4CCA39C09C71983B2D57B4DD /* Pods */ = {
			isa = PBXGroup;
			children = (
				B940A9047FE3CF72F3DAD9F8 /* Pods-SantanderInvest.debug.xcconfig */,
				F4E307B27A27DAB2AE23D20B /* Pods-SantanderInvest.release.xcconfig */,
				B0F40C7DE2857857C5672B4C /* Pods-SantanderInvestTests.debug.xcconfig */,
				3032719F50FA6134AE04F57D /* Pods-SantanderInvestTests.release.xcconfig */,
				D713ADE8A7F4C5A33B2127BE /* Pods-SantanderInvestUITests.debug.xcconfig */,
				2F1C9AD20EB4228E54383AF2 /* Pods-SantanderInvestUITests.release.xcconfig */,
			);
			name = Pods;
			sourceTree = "<group>";
		};
/* End PBXGroup section */

/* Begin PBXNativeTarget section */
		156CB6A520BDCEEA001DB3C7 /* SantanderInvest */ = {
			isa = PBXNativeTarget;
			buildConfigurationList = 156CB6CE20BDCEEB001DB3C7 /* Build configuration list for PBXNativeTarget "SantanderInvest" */;
			buildPhases = (
				8D09D397A49F053238215E4D /* [CP] Check Pods Manifest.lock */,
				156CB6A220BDCEEA001DB3C7 /* Sources */,
				156CB6A320BDCEEA001DB3C7 /* Frameworks */,
				156CB6A420BDCEEA001DB3C7 /* Resources */,
				CC18A7A98151685E058E91A5 /* [CP] Embed Pods Frameworks */,
				15D431C920C5121000ECC7FC /* Copy Carthage Built Frameworks */,
			);
			buildRules = (
			);
			dependencies = (
			);
			name = SantanderInvest;
			productName = SantanderInvest;
			productReference = 156CB6A620BDCEEA001DB3C7 /* SantanderInvest.app */;
			productType = "com.apple.product-type.application";
		};
		156CB6B920BDCEEB001DB3C7 /* SantanderInvestTests */ = {
			isa = PBXNativeTarget;
			buildConfigurationList = 156CB6D120BDCEEB001DB3C7 /* Build configuration list for PBXNativeTarget "SantanderInvestTests" */;
			buildPhases = (
				4EAF673BEE58030FE768A1F5 /* [CP] Check Pods Manifest.lock */,
				156CB6B620BDCEEB001DB3C7 /* Sources */,
				156CB6B720BDCEEB001DB3C7 /* Frameworks */,
				156CB6B820BDCEEB001DB3C7 /* Resources */,
			);
			buildRules = (
			);
			dependencies = (
				156CB6BC20BDCEEB001DB3C7 /* PBXTargetDependency */,
			);
			name = SantanderInvestTests;
			productName = SantanderInvestTests;
			productReference = 156CB6BA20BDCEEB001DB3C7 /* SantanderInvestTests.xctest */;
			productType = "com.apple.product-type.bundle.unit-test";
		};
		156CB6C420BDCEEB001DB3C7 /* SantanderInvestUITests */ = {
			isa = PBXNativeTarget;
			buildConfigurationList = 156CB6D420BDCEEB001DB3C7 /* Build configuration list for PBXNativeTarget "SantanderInvestUITests" */;
			buildPhases = (
				77235211C2472DFE748A9D9D /* [CP] Check Pods Manifest.lock */,
				156CB6C120BDCEEB001DB3C7 /* Sources */,
				156CB6C220BDCEEB001DB3C7 /* Frameworks */,
				156CB6C320BDCEEB001DB3C7 /* Resources */,
			);
			buildRules = (
			);
			dependencies = (
				156CB6C720BDCEEB001DB3C7 /* PBXTargetDependency */,
			);
			name = SantanderInvestUITests;
			productName = SantanderInvestUITests;
			productReference = 156CB6C520BDCEEB001DB3C7 /* SantanderInvestUITests.xctest */;
			productType = "com.apple.product-type.bundle.ui-testing";
		};
/* End PBXNativeTarget section */

/* Begin PBXProject section */
		156CB69E20BDCEEA001DB3C7 /* Project object */ = {
			isa = PBXProject;
			attributes = {
				LastSwiftUpdateCheck = 0930;
				LastUpgradeCheck = 0930;
				ORGANIZATIONNAME = Santander;
				TargetAttributes = {
					156CB6A520BDCEEA001DB3C7 = {
						CreatedOnToolsVersion = 9.3.1;
					};
					156CB6B920BDCEEB001DB3C7 = {
						CreatedOnToolsVersion = 9.3.1;
						TestTargetID = 156CB6A520BDCEEA001DB3C7;
					};
					156CB6C420BDCEEB001DB3C7 = {
						CreatedOnToolsVersion = 9.3.1;
						TestTargetID = 156CB6A520BDCEEA001DB3C7;
					};
				};
			};
			buildConfigurationList = 156CB6A120BDCEEA001DB3C7 /* Build configuration list for PBXProject "SantanderInvest" */;
			compatibilityVersion = "Xcode 9.3";
			developmentRegion = en;
			hasScannedForEncodings = 0;
			knownRegions = (
				en,
				Base,
			);
			mainGroup = 156CB69D20BDCEEA001DB3C7;
			productRefGroup = 156CB6A720BDCEEA001DB3C7 /* Products */;
			projectDirPath = "";
			projectRoot = "";
			targets = (
				156CB6A520BDCEEA001DB3C7 /* SantanderInvest */,
				156CB6B920BDCEEB001DB3C7 /* SantanderInvestTests */,
				156CB6C420BDCEEB001DB3C7 /* SantanderInvestUITests */,
			);
		};
/* End PBXProject section */

/* Begin PBXResourcesBuildPhase section */
		156CB6A420BDCEEA001DB3C7 /* Resources */ = {
			isa = PBXResourcesBuildPhase;
			buildActionMask = 2147483647;
			files = (
				156CB70920BE4A2B001DB3C7 /* DINPro-Regular.otf in Resources */,
				156CB6B420BDCEEB001DB3C7 /* LaunchScreen.storyboard in Resources */,
				158C0F1720C7A6050017C71A /* DINPro-Light.otf in Resources */,
				156CB6B120BDCEEB001DB3C7 /* Assets.xcassets in Resources */,
				156CB6AF20BDCEEA001DB3C7 /* Main.storyboard in Resources */,
				156CB70A20BE4A2B001DB3C7 /* DINPro-Medium.otf in Resources */,
			);
			runOnlyForDeploymentPostprocessing = 0;
		};
		156CB6B820BDCEEB001DB3C7 /* Resources */ = {
			isa = PBXResourcesBuildPhase;
			buildActionMask = 2147483647;
			files = (
			);
			runOnlyForDeploymentPostprocessing = 0;
		};
		156CB6C320BDCEEB001DB3C7 /* Resources */ = {
			isa = PBXResourcesBuildPhase;
			buildActionMask = 2147483647;
			files = (
			);
			runOnlyForDeploymentPostprocessing = 0;
		};
/* End PBXResourcesBuildPhase section */

/* Begin PBXShellScriptBuildPhase section */
		15D431C920C5121000ECC7FC /* Copy Carthage Built Frameworks */ = {
			isa = PBXShellScriptBuildPhase;
			buildActionMask = 2147483647;
			files = (
			);
			inputPaths = (
				"$(SRCROOT)/Carthage/Build/iOS/Alamofire.framework",
				"$(SRCROOT)/Carthage/Build/iOS/AlamofireObjectMapper.framework",
				"$(SRCROOT)/Carthage/Build/iOS/ObjectMapper.framework",
				"$(SRCROOT)/Carthage/Build/iOS/SnapKit.framework",
				"$(SRCROOT)/Carthage/Build/iOS/IQKeyboardManagerSwift.framework",
			);
			name = "Copy Carthage Built Frameworks";
			outputPaths = (
				"$(BUILT_PRODUCTS_DIR)/$(FRAMEWORKS_FOLDER_PATH)/Alamofire.framework",
				"$(BUILT_PRODUCTS_DIR)/$(FRAMEWORKS_FOLDER_PATH)/AlamofireObjectMapper.framework",
				"$(BUILT_PRODUCTS_DIR)/$(FRAMEWORKS_FOLDER_PATH)/ObjectMapper.framework",
				"$(BUILT_PRODUCTS_DIR)/$(FRAMEWORKS_FOLDER_PATH)/SnapKit.framework",
				"$(BUILT_PRODUCTS_DIR)/$(FRAMEWORKS_FOLDER_PATH)/IQKeyboardManagerSwift.framework",
			);
			runOnlyForDeploymentPostprocessing = 0;
			shellPath = /bin/sh;
			shellScript = "/usr/local/bin/carthage copy-frameworks";
		};
		4EAF673BEE58030FE768A1F5 /* [CP] Check Pods Manifest.lock */ = {
			isa = PBXShellScriptBuildPhase;
			buildActionMask = 2147483647;
			files = (
			);
			inputPaths = (
				"${PODS_PODFILE_DIR_PATH}/Podfile.lock",
				"${PODS_ROOT}/Manifest.lock",
			);
			name = "[CP] Check Pods Manifest.lock";
			outputPaths = (
				"$(DERIVED_FILE_DIR)/Pods-SantanderInvestTests-checkManifestLockResult.txt",
			);
			runOnlyForDeploymentPostprocessing = 0;
			shellPath = /bin/sh;
			shellScript = "diff \"${PODS_PODFILE_DIR_PATH}/Podfile.lock\" \"${PODS_ROOT}/Manifest.lock\" > /dev/null\nif [ $? != 0 ] ; then\n    # print error to STDERR\n    echo \"error: The sandbox is not in sync with the Podfile.lock. Run 'pod install' or update your CocoaPods installation.\" >&2\n    exit 1\nfi\n# This output is used by Xcode 'outputs' to avoid re-running this script phase.\necho \"SUCCESS\" > \"${SCRIPT_OUTPUT_FILE_0}\"\n";
			showEnvVarsInLog = 0;
		};
		77235211C2472DFE748A9D9D /* [CP] Check Pods Manifest.lock */ = {
			isa = PBXShellScriptBuildPhase;
			buildActionMask = 2147483647;
			files = (
			);
			inputPaths = (
				"${PODS_PODFILE_DIR_PATH}/Podfile.lock",
				"${PODS_ROOT}/Manifest.lock",
			);
			name = "[CP] Check Pods Manifest.lock";
			outputPaths = (
				"$(DERIVED_FILE_DIR)/Pods-SantanderInvestUITests-checkManifestLockResult.txt",
			);
			runOnlyForDeploymentPostprocessing = 0;
			shellPath = /bin/sh;
			shellScript = "diff \"${PODS_PODFILE_DIR_PATH}/Podfile.lock\" \"${PODS_ROOT}/Manifest.lock\" > /dev/null\nif [ $? != 0 ] ; then\n    # print error to STDERR\n    echo \"error: The sandbox is not in sync with the Podfile.lock. Run 'pod install' or update your CocoaPods installation.\" >&2\n    exit 1\nfi\n# This output is used by Xcode 'outputs' to avoid re-running this script phase.\necho \"SUCCESS\" > \"${SCRIPT_OUTPUT_FILE_0}\"\n";
			showEnvVarsInLog = 0;
		};
		8D09D397A49F053238215E4D /* [CP] Check Pods Manifest.lock */ = {
			isa = PBXShellScriptBuildPhase;
			buildActionMask = 2147483647;
			files = (
			);
			inputPaths = (
				"${PODS_PODFILE_DIR_PATH}/Podfile.lock",
				"${PODS_ROOT}/Manifest.lock",
			);
			name = "[CP] Check Pods Manifest.lock";
			outputPaths = (
				"$(DERIVED_FILE_DIR)/Pods-SantanderInvest-checkManifestLockResult.txt",
			);
			runOnlyForDeploymentPostprocessing = 0;
			shellPath = /bin/sh;
			shellScript = "diff \"${PODS_PODFILE_DIR_PATH}/Podfile.lock\" \"${PODS_ROOT}/Manifest.lock\" > /dev/null\nif [ $? != 0 ] ; then\n    # print error to STDERR\n    echo \"error: The sandbox is not in sync with the Podfile.lock. Run 'pod install' or update your CocoaPods installation.\" >&2\n    exit 1\nfi\n# This output is used by Xcode 'outputs' to avoid re-running this script phase.\necho \"SUCCESS\" > \"${SCRIPT_OUTPUT_FILE_0}\"\n";
			showEnvVarsInLog = 0;
		};
		CC18A7A98151685E058E91A5 /* [CP] Embed Pods Frameworks */ = {
			isa = PBXShellScriptBuildPhase;
			buildActionMask = 2147483647;
			files = (
			);
			inputPaths = (
				"${SRCROOT}/Pods/Target Support Files/Pods-SantanderInvest/Pods-SantanderInvest-frameworks.sh",
				"${BUILT_PRODUCTS_DIR}/TweeTextField/TweeTextField.framework",
			);
			name = "[CP] Embed Pods Frameworks";
			outputPaths = (
				"${TARGET_BUILD_DIR}/${FRAMEWORKS_FOLDER_PATH}/TweeTextField.framework",
			);
			runOnlyForDeploymentPostprocessing = 0;
			shellPath = /bin/sh;
			shellScript = "\"${SRCROOT}/Pods/Target Support Files/Pods-SantanderInvest/Pods-SantanderInvest-frameworks.sh\"\n";
			showEnvVarsInLog = 0;
		};
/* End PBXShellScriptBuildPhase section */

/* Begin PBXSourcesBuildPhase section */
		156CB6A220BDCEEA001DB3C7 /* Sources */ = {
			isa = PBXSourcesBuildPhase;
			buildActionMask = 2147483647;
			files = (
				156CB70120BE31B1001DB3C7 /* ContactFormWorker.swift in Sources */,
				156CB6AA20BDCEEA001DB3C7 /* AppDelegate.swift in Sources */,
				152A930820C87C3000A9D6AF /* TabBar.swift in Sources */,
				15D431BB20C4C74200ECC7FC /* FormTableViewCell.swift in Sources */,
				156CB70020BE31B1001DB3C7 /* ContactFormPresenter.swift in Sources */,
				156CB70520BE31B1001DB3C7 /* ContactFormInteractor.swift in Sources */,
				156CB70D20BE4DC2001DB3C7 /* CustomNavigationController.swift in Sources */,
				158C0F1320C7A41C0017C71A /* Button.swift in Sources */,
				156CB70420BE31B1001DB3C7 /* ContactFormViewController.swift in Sources */,
				156CB70320BE31B1001DB3C7 /* ContactFormModels.swift in Sources */,
				15D431C420C4D1A200ECC7FC /* FormCell.swift in Sources */,
				158C0F1A20C7A62C0017C71A /* Extensions.swift in Sources */,
				156CB70220BE31B1001DB3C7 /* ContactFormRouter.swift in Sources */,
				158C0F0F20C790F70017C71A /* CheckBox.swift in Sources */,
				158C0F0C20C77CFE0017C71A /* Constants.swift in Sources */,
			);
			runOnlyForDeploymentPostprocessing = 0;
		};
		156CB6B620BDCEEB001DB3C7 /* Sources */ = {
			isa = PBXSourcesBuildPhase;
			buildActionMask = 2147483647;
			files = (
				156CB6BF20BDCEEB001DB3C7 /* SantanderInvestTests.swift in Sources */,
			);
			runOnlyForDeploymentPostprocessing = 0;
		};
		156CB6C120BDCEEB001DB3C7 /* Sources */ = {
			isa = PBXSourcesBuildPhase;
			buildActionMask = 2147483647;
			files = (
				156CB6CA20BDCEEB001DB3C7 /* SantanderInvestUITests.swift in Sources */,
			);
			runOnlyForDeploymentPostprocessing = 0;
		};
/* End PBXSourcesBuildPhase section */

/* Begin PBXTargetDependency section */
		156CB6BC20BDCEEB001DB3C7 /* PBXTargetDependency */ = {
			isa = PBXTargetDependency;
			target = 156CB6A520BDCEEA001DB3C7 /* SantanderInvest */;
			targetProxy = 156CB6BB20BDCEEB001DB3C7 /* PBXContainerItemProxy */;
		};
		156CB6C720BDCEEB001DB3C7 /* PBXTargetDependency */ = {
			isa = PBXTargetDependency;
			target = 156CB6A520BDCEEA001DB3C7 /* SantanderInvest */;
			targetProxy = 156CB6C620BDCEEB001DB3C7 /* PBXContainerItemProxy */;
		};
/* End PBXTargetDependency section */

/* Begin PBXVariantGroup section */
		156CB6AD20BDCEEA001DB3C7 /* Main.storyboard */ = {
			isa = PBXVariantGroup;
			children = (
				156CB6AE20BDCEEA001DB3C7 /* Base */,
			);
			name = Main.storyboard;
			sourceTree = "<group>";
		};
		156CB6B220BDCEEB001DB3C7 /* LaunchScreen.storyboard */ = {
			isa = PBXVariantGroup;
			children = (
				156CB6B320BDCEEB001DB3C7 /* Base */,
			);
			name = LaunchScreen.storyboard;
			sourceTree = "<group>";
		};
/* End PBXVariantGroup section */

/* Begin XCBuildConfiguration section */
		156CB6CC20BDCEEB001DB3C7 /* Debug */ = {
			isa = XCBuildConfiguration;
			buildSettings = {
				ALWAYS_SEARCH_USER_PATHS = NO;
				CLANG_ANALYZER_NONNULL = YES;
				CLANG_ANALYZER_NUMBER_OBJECT_CONVERSION = YES_AGGRESSIVE;
				CLANG_CXX_LANGUAGE_STANDARD = "gnu++14";
				CLANG_CXX_LIBRARY = "libc++";
				CLANG_ENABLE_MODULES = YES;
				CLANG_ENABLE_OBJC_ARC = YES;
				CLANG_ENABLE_OBJC_WEAK = YES;
				CLANG_WARN_BLOCK_CAPTURE_AUTORELEASING = YES;
				CLANG_WARN_BOOL_CONVERSION = YES;
				CLANG_WARN_COMMA = YES;
				CLANG_WARN_CONSTANT_CONVERSION = YES;
				CLANG_WARN_DEPRECATED_OBJC_IMPLEMENTATIONS = YES;
				CLANG_WARN_DIRECT_OBJC_ISA_USAGE = YES_ERROR;
				CLANG_WARN_DOCUMENTATION_COMMENTS = YES;
				CLANG_WARN_EMPTY_BODY = YES;
				CLANG_WARN_ENUM_CONVERSION = YES;
				CLANG_WARN_INFINITE_RECURSION = YES;
				CLANG_WARN_INT_CONVERSION = YES;
				CLANG_WARN_NON_LITERAL_NULL_CONVERSION = YES;
				CLANG_WARN_OBJC_IMPLICIT_RETAIN_SELF = YES;
				CLANG_WARN_OBJC_LITERAL_CONVERSION = YES;
				CLANG_WARN_OBJC_ROOT_CLASS = YES_ERROR;
				CLANG_WARN_RANGE_LOOP_ANALYSIS = YES;
				CLANG_WARN_STRICT_PROTOTYPES = YES;
				CLANG_WARN_SUSPICIOUS_MOVE = YES;
				CLANG_WARN_UNGUARDED_AVAILABILITY = YES_AGGRESSIVE;
				CLANG_WARN_UNREACHABLE_CODE = YES;
				CLANG_WARN__DUPLICATE_METHOD_MATCH = YES;
				CODE_SIGN_IDENTITY = "iPhone Developer";
				COPY_PHASE_STRIP = NO;
				DEBUG_INFORMATION_FORMAT = dwarf;
				ENABLE_STRICT_OBJC_MSGSEND = YES;
				ENABLE_TESTABILITY = YES;
				GCC_C_LANGUAGE_STANDARD = gnu11;
				GCC_DYNAMIC_NO_PIC = NO;
				GCC_NO_COMMON_BLOCKS = YES;
				GCC_OPTIMIZATION_LEVEL = 0;
				GCC_PREPROCESSOR_DEFINITIONS = (
					"DEBUG=1",
					"$(inherited)",
				);
				GCC_WARN_64_TO_32_BIT_CONVERSION = YES;
				GCC_WARN_ABOUT_RETURN_TYPE = YES_ERROR;
				GCC_WARN_UNDECLARED_SELECTOR = YES;
				GCC_WARN_UNINITIALIZED_AUTOS = YES_AGGRESSIVE;
				GCC_WARN_UNUSED_FUNCTION = YES;
				GCC_WARN_UNUSED_VARIABLE = YES;
				IPHONEOS_DEPLOYMENT_TARGET = 11.3;
				MTL_ENABLE_DEBUG_INFO = YES;
				ONLY_ACTIVE_ARCH = YES;
				SDKROOT = iphoneos;
				SWIFT_ACTIVE_COMPILATION_CONDITIONS = DEBUG;
				SWIFT_OPTIMIZATION_LEVEL = "-Onone";
			};
			name = Debug;
		};
		156CB6CD20BDCEEB001DB3C7 /* Release */ = {
			isa = XCBuildConfiguration;
			buildSettings = {
				ALWAYS_SEARCH_USER_PATHS = NO;
				CLANG_ANALYZER_NONNULL = YES;
				CLANG_ANALYZER_NUMBER_OBJECT_CONVERSION = YES_AGGRESSIVE;
				CLANG_CXX_LANGUAGE_STANDARD = "gnu++14";
				CLANG_CXX_LIBRARY = "libc++";
				CLANG_ENABLE_MODULES = YES;
				CLANG_ENABLE_OBJC_ARC = YES;
				CLANG_ENABLE_OBJC_WEAK = YES;
				CLANG_WARN_BLOCK_CAPTURE_AUTORELEASING = YES;
				CLANG_WARN_BOOL_CONVERSION = YES;
				CLANG_WARN_COMMA = YES;
				CLANG_WARN_CONSTANT_CONVERSION = YES;
				CLANG_WARN_DEPRECATED_OBJC_IMPLEMENTATIONS = YES;
				CLANG_WARN_DIRECT_OBJC_ISA_USAGE = YES_ERROR;
				CLANG_WARN_DOCUMENTATION_COMMENTS = YES;
				CLANG_WARN_EMPTY_BODY = YES;
				CLANG_WARN_ENUM_CONVERSION = YES;
				CLANG_WARN_INFINITE_RECURSION = YES;
				CLANG_WARN_INT_CONVERSION = YES;
				CLANG_WARN_NON_LITERAL_NULL_CONVERSION = YES;
				CLANG_WARN_OBJC_IMPLICIT_RETAIN_SELF = YES;
				CLANG_WARN_OBJC_LITERAL_CONVERSION = YES;
				CLANG_WARN_OBJC_ROOT_CLASS = YES_ERROR;
				CLANG_WARN_RANGE_LOOP_ANALYSIS = YES;
				CLANG_WARN_STRICT_PROTOTYPES = YES;
				CLANG_WARN_SUSPICIOUS_MOVE = YES;
				CLANG_WARN_UNGUARDED_AVAILABILITY = YES_AGGRESSIVE;
				CLANG_WARN_UNREACHABLE_CODE = YES;
				CLANG_WARN__DUPLICATE_METHOD_MATCH = YES;
				CODE_SIGN_IDENTITY = "iPhone Developer";
				COPY_PHASE_STRIP = NO;
				DEBUG_INFORMATION_FORMAT = "dwarf-with-dsym";
				ENABLE_NS_ASSERTIONS = NO;
				ENABLE_STRICT_OBJC_MSGSEND = YES;
				GCC_C_LANGUAGE_STANDARD = gnu11;
				GCC_NO_COMMON_BLOCKS = YES;
				GCC_WARN_64_TO_32_BIT_CONVERSION = YES;
				GCC_WARN_ABOUT_RETURN_TYPE = YES_ERROR;
				GCC_WARN_UNDECLARED_SELECTOR = YES;
				GCC_WARN_UNINITIALIZED_AUTOS = YES_AGGRESSIVE;
				GCC_WARN_UNUSED_FUNCTION = YES;
				GCC_WARN_UNUSED_VARIABLE = YES;
				IPHONEOS_DEPLOYMENT_TARGET = 11.3;
				MTL_ENABLE_DEBUG_INFO = NO;
				SDKROOT = iphoneos;
				SWIFT_COMPILATION_MODE = wholemodule;
				SWIFT_OPTIMIZATION_LEVEL = "-O";
				VALIDATE_PRODUCT = YES;
			};
			name = Release;
		};
		156CB6CF20BDCEEB001DB3C7 /* Debug */ = {
			isa = XCBuildConfiguration;
			baseConfigurationReference = B940A9047FE3CF72F3DAD9F8 /* Pods-SantanderInvest.debug.xcconfig */;
			buildSettings = {
				ASSETCATALOG_COMPILER_APPICON_NAME = AppIcon;
				CODE_SIGN_STYLE = Automatic;
				DEVELOPMENT_TEAM = CQ878R6EW5;
				FRAMEWORK_SEARCH_PATHS = (
					"$(inherited)",
					"$(PROJECT_DIR)/Carthage/Build/iOS",
				);
				INFOPLIST_FILE = SantanderInvest/Info.plist;
				IPHONEOS_DEPLOYMENT_TARGET = 9.0;
				LD_RUNPATH_SEARCH_PATHS = (
					"$(inherited)",
					"@executable_path/Frameworks",
				);
				PRODUCT_BUNDLE_IDENTIFIER = br.com.santander.SantanderInvest;
				PRODUCT_NAME = "$(TARGET_NAME)";
				SWIFT_VERSION = 4.0;
				TARGETED_DEVICE_FAMILY = 1;
			};
			name = Debug;
		};
		156CB6D020BDCEEB001DB3C7 /* Release */ = {
			isa = XCBuildConfiguration;
			baseConfigurationReference = F4E307B27A27DAB2AE23D20B /* Pods-SantanderInvest.release.xcconfig */;
			buildSettings = {
				ASSETCATALOG_COMPILER_APPICON_NAME = AppIcon;
				CODE_SIGN_STYLE = Automatic;
				DEVELOPMENT_TEAM = CQ878R6EW5;
				FRAMEWORK_SEARCH_PATHS = (
					"$(inherited)",
					"$(PROJECT_DIR)/Carthage/Build/iOS",
				);
				INFOPLIST_FILE = SantanderInvest/Info.plist;
				IPHONEOS_DEPLOYMENT_TARGET = 9.0;
				LD_RUNPATH_SEARCH_PATHS = (
					"$(inherited)",
					"@executable_path/Frameworks",
				);
				PRODUCT_BUNDLE_IDENTIFIER = br.com.santander.SantanderInvest;
				PRODUCT_NAME = "$(TARGET_NAME)";
				SWIFT_VERSION = 4.0;
				TARGETED_DEVICE_FAMILY = 1;
			};
			name = Release;
		};
		156CB6D220BDCEEB001DB3C7 /* Debug */ = {
			isa = XCBuildConfiguration;
			baseConfigurationReference = B0F40C7DE2857857C5672B4C /* Pods-SantanderInvestTests.debug.xcconfig */;
			buildSettings = {
				ALWAYS_EMBED_SWIFT_STANDARD_LIBRARIES = YES;
				BUNDLE_LOADER = "$(TEST_HOST)";
				CODE_SIGN_STYLE = Automatic;
				INFOPLIST_FILE = SantanderInvestTests/Info.plist;
				LD_RUNPATH_SEARCH_PATHS = (
					"$(inherited)",
					"@executable_path/Frameworks",
					"@loader_path/Frameworks",
				);
				PRODUCT_BUNDLE_IDENTIFIER = br.com.santander.SantanderInvestTests;
				PRODUCT_NAME = "$(TARGET_NAME)";
				SWIFT_VERSION = 4.0;
				TARGETED_DEVICE_FAMILY = "1,2";
				TEST_HOST = "$(BUILT_PRODUCTS_DIR)/SantanderInvest.app/SantanderInvest";
			};
			name = Debug;
		};
		156CB6D320BDCEEB001DB3C7 /* Release */ = {
			isa = XCBuildConfiguration;
			baseConfigurationReference = 3032719F50FA6134AE04F57D /* Pods-SantanderInvestTests.release.xcconfig */;
			buildSettings = {
				ALWAYS_EMBED_SWIFT_STANDARD_LIBRARIES = YES;
				BUNDLE_LOADER = "$(TEST_HOST)";
				CODE_SIGN_STYLE = Automatic;
				INFOPLIST_FILE = SantanderInvestTests/Info.plist;
				LD_RUNPATH_SEARCH_PATHS = (
					"$(inherited)",
					"@executable_path/Frameworks",
					"@loader_path/Frameworks",
				);
				PRODUCT_BUNDLE_IDENTIFIER = br.com.santander.SantanderInvestTests;
				PRODUCT_NAME = "$(TARGET_NAME)";
				SWIFT_VERSION = 4.0;
				TARGETED_DEVICE_FAMILY = "1,2";
				TEST_HOST = "$(BUILT_PRODUCTS_DIR)/SantanderInvest.app/SantanderInvest";
			};
			name = Release;
		};
		156CB6D520BDCEEB001DB3C7 /* Debug */ = {
			isa = XCBuildConfiguration;
			baseConfigurationReference = D713ADE8A7F4C5A33B2127BE /* Pods-SantanderInvestUITests.debug.xcconfig */;
			buildSettings = {
				ALWAYS_EMBED_SWIFT_STANDARD_LIBRARIES = YES;
				CODE_SIGN_STYLE = Automatic;
				INFOPLIST_FILE = SantanderInvestUITests/Info.plist;
				LD_RUNPATH_SEARCH_PATHS = (
					"$(inherited)",
					"@executable_path/Frameworks",
					"@loader_path/Frameworks",
				);
				PRODUCT_BUNDLE_IDENTIFIER = br.com.santander.SantanderInvestUITests;
				PRODUCT_NAME = "$(TARGET_NAME)";
				SWIFT_VERSION = 4.0;
				TARGETED_DEVICE_FAMILY = "1,2";
				TEST_TARGET_NAME = SantanderInvest;
			};
			name = Debug;
		};
		156CB6D620BDCEEB001DB3C7 /* Release */ = {
			isa = XCBuildConfiguration;
			baseConfigurationReference = 2F1C9AD20EB4228E54383AF2 /* Pods-SantanderInvestUITests.release.xcconfig */;
			buildSettings = {
				ALWAYS_EMBED_SWIFT_STANDARD_LIBRARIES = YES;
				CODE_SIGN_STYLE = Automatic;
				INFOPLIST_FILE = SantanderInvestUITests/Info.plist;
				LD_RUNPATH_SEARCH_PATHS = (
					"$(inherited)",
					"@executable_path/Frameworks",
					"@loader_path/Frameworks",
				);
				PRODUCT_BUNDLE_IDENTIFIER = br.com.santander.SantanderInvestUITests;
				PRODUCT_NAME = "$(TARGET_NAME)";
				SWIFT_VERSION = 4.0;
				TARGETED_DEVICE_FAMILY = "1,2";
				TEST_TARGET_NAME = SantanderInvest;
			};
			name = Release;
		};
/* End XCBuildConfiguration section */

/* Begin XCConfigurationList section */
		156CB6A120BDCEEA001DB3C7 /* Build configuration list for PBXProject "SantanderInvest" */ = {
			isa = XCConfigurationList;
			buildConfigurations = (
				156CB6CC20BDCEEB001DB3C7 /* Debug */,
				156CB6CD20BDCEEB001DB3C7 /* Release */,
			);
			defaultConfigurationIsVisible = 0;
			defaultConfigurationName = Release;
		};
		156CB6CE20BDCEEB001DB3C7 /* Build configuration list for PBXNativeTarget "SantanderInvest" */ = {
			isa = XCConfigurationList;
			buildConfigurations = (
				156CB6CF20BDCEEB001DB3C7 /* Debug */,
				156CB6D020BDCEEB001DB3C7 /* Release */,
			);
			defaultConfigurationIsVisible = 0;
			defaultConfigurationName = Release;
		};
		156CB6D120BDCEEB001DB3C7 /* Build configuration list for PBXNativeTarget "SantanderInvestTests" */ = {
			isa = XCConfigurationList;
			buildConfigurations = (
				156CB6D220BDCEEB001DB3C7 /* Debug */,
				156CB6D320BDCEEB001DB3C7 /* Release */,
			);
			defaultConfigurationIsVisible = 0;
			defaultConfigurationName = Release;
		};
		156CB6D420BDCEEB001DB3C7 /* Build configuration list for PBXNativeTarget "SantanderInvestUITests" */ = {
			isa = XCConfigurationList;
			buildConfigurations = (
				156CB6D520BDCEEB001DB3C7 /* Debug */,
				156CB6D620BDCEEB001DB3C7 /* Release */,
			);
			defaultConfigurationIsVisible = 0;
			defaultConfigurationName = Release;
		};
/* End XCConfigurationList section */
	};
	rootObject = 156CB69E20BDCEEA001DB3C7 /* Project object */;
}
